
Microsoft Visual Studio Solution File, Format Version 12.00
# Visual Studio Version 17
VisualStudioVersion = 17.0.31903.59
MinimumVisualStudioVersion = 10.0.40219.1
Project("{FAE04EC0-301F-11D3-BF4B-00C04F79EFBC}") = "DoMain", "DoMain\DoMain.csproj", "{BC34ABA4-C54F-4831-A177-05524DF0F9E1}"
EndProject
Project("{FAE04EC0-301F-11D3-BF4B-00C04F79EFBC}") = "Infrastructure", "Infrastructure\Infrastructure.csproj", "{7042B00D-EBAD-4DAF-895C-16E6244D7BE7}"
EndProject
Project("{FAE04EC0-301F-11D3-BF4B-00C04F79EFBC}") = "MainApp", "MainApp\MainApp.csproj", "{A6C12AC5-AC8B-4AE0-A095-BD38944C7C73}"
EndProject
Global
	GlobalSection(SolutionConfigurationPlatforms) = preSolution
		Debug|Any CPU = Debug|Any CPU
		Release|Any CPU = Release|Any CPU
	EndGlobalSection
	GlobalSection(SolutionProperties) = preSolution
		HideSolutionNode = FALSE
	EndGlobalSection
	GlobalSection(ProjectConfigurationPlatforms) = postSolution
		{BC34ABA4-C54F-4831-A177-05524DF0F9E1}.Debug|Any CPU.ActiveCfg = Debug|Any CPU
		{BC34ABA4-C54F-4831-A177-05524DF0F9E1}.Debug|Any CPU.Build.0 = Debug|Any CPU
		{BC34ABA4-C54F-4831-A177-05524DF0F9E1}.Release|Any CPU.ActiveCfg = Release|Any CPU
		{BC34ABA4-C54F-4831-A177-05524DF0F9E1}.Release|Any CPU.Build.0 = Release|Any CPU
		{7042B00D-EBAD-4DAF-895C-16E6244D7BE7}.Debug|Any CPU.ActiveCfg = Debug|Any CPU
		{7042B00D-EBAD-4DAF-895C-16E6244D7BE7}.Debug|Any CPU.Build.0 = Debug|Any CPU
		{7042B00D-EBAD-4DAF-895C-16E6244D7BE7}.Release|Any CPU.ActiveCfg = Release|Any CPU
		{7042B00D-EBAD-4DAF-895C-16E6244D7BE7}.Release|Any CPU.Build.0 = Release|Any CPU
		{A6C12AC5-AC8B-4AE0-A095-BD38944C7C73}.Debug|Any CPU.ActiveCfg = Debug|Any CPU
		{A6C12AC5-AC8B-4AE0-A095-BD38944C7C73}.Debug|Any CPU.Build.0 = Debug|Any CPU
		{A6C12AC5-AC8B-4AE0-A095-BD38944C7C73}.Release|Any CPU.ActiveCfg = Release|Any CPU
		{A6C12AC5-AC8B-4AE0-A095-BD38944C7C73}.Release|Any CPU.Build.0 = Release|Any CPU
	EndGlobalSection
EndGlobal
